
Microsoft Visual Studio Solution File, Format Version 12.00
# Visual Studio 15
Project("{FAE04EC0-301F-11D3-BF4B-00C04F79EFBC}") = "TopMovie", "TopMovie\TopMovie.csproj", "{E2319510-4A65-43AD-9C79-F5CF779E7452}"
EndProject
Global
	GlobalSection(SolutionConfigurationPlatforms) = preSolution
		Debug|Any CPU = Debug|Any CPU
		Release|Any CPU = Release|Any CPU
	EndGlobalSection
	GlobalSection(ProjectConfigurationPlatforms) = postSolution
		{E2319510-4A65-43AD-9C79-F5CF779E7452}.Debug|Any CPU.ActiveCfg = Debug|Any CPU
		{E2319510-4A65-43AD-9C79-F5CF779E7452}.Debug|Any CPU.Build.0 = Debug|Any CPU
		{E2319510-4A65-43AD-9C79-F5CF779E7452}.Release|Any CPU.ActiveCfg = Release|Any CPU
		{E2319510-4A65-43AD-9C79-F5CF779E7452}.Release|Any CPU.Build.0 = Release|Any CPU
	EndGlobalSection
EndGlobal
